
Microsoft Visual Studio Solution File, Format Version 12.00
# Visual Studio Version 16
VisualStudioVersion = 16.0.31702.278
MinimumVisualStudioVersion = 10.0.40219.1
Project("{FAE04EC0-301F-11D3-BF4B-00C04F79EFBC}") = "EnumExcersises-1", "EnumExcersises\EnumExcersises-1.csproj", "{4FCD117F-E508-4185-9DF2-298630A7A566}"
EndProject
Global
	GlobalSection(SolutionConfigurationPlatforms) = preSolution
		Debug|Any CPU = Debug|Any CPU
		Release|Any CPU = Release|Any CPU
	EndGlobalSection
	GlobalSection(ProjectConfigurationPlatforms) = postSolution
		{4FCD117F-E508-4185-9DF2-298630A7A566}.Debug|Any CPU.ActiveCfg = Debug|Any CPU
		{4FCD117F-E508-4185-9DF2-298630A7A566}.Debug|Any CPU.Build.0 = Debug|Any CPU
		{4FCD117F-E508-4185-9DF2-298630A7A566}.Release|Any CPU.ActiveCfg = Release|Any CPU
		{4FCD117F-E508-4185-9DF2-298630A7A566}.Release|Any CPU.Build.0 = Release|Any CPU
	EndGlobalSection
	GlobalSection(SolutionProperties) = preSolution
		HideSolutionNode = FALSE
	EndGlobalSection
	GlobalSection(ExtensibilityGlobals) = postSolution
		SolutionGuid = {4A73E97E-6464-4208-99C1-597209DCA8FE}
	EndGlobalSection
EndGlobal
