
Microsoft Visual Studio Solution File, Format Version 12.00
# Visual Studio Version 16
VisualStudioVersion = 16.0.31702.278
MinimumVisualStudioVersion = 10.0.40219.1
Project("{FAE04EC0-301F-11D3-BF4B-00C04F79EFBC}") = "Enum-7", "Enum-7\Enum-7.csproj", "{9455515F-402C-45AF-B754-A1263397D276}"
EndProject
Global
	GlobalSection(SolutionConfigurationPlatforms) = preSolution
		Debug|Any CPU = Debug|Any CPU
		Release|Any CPU = Release|Any CPU
	EndGlobalSection
	GlobalSection(ProjectConfigurationPlatforms) = postSolution
		{9455515F-402C-45AF-B754-A1263397D276}.Debug|Any CPU.ActiveCfg = Debug|Any CPU
		{9455515F-402C-45AF-B754-A1263397D276}.Debug|Any CPU.Build.0 = Debug|Any CPU
		{9455515F-402C-45AF-B754-A1263397D276}.Release|Any CPU.ActiveCfg = Release|Any CPU
		{9455515F-402C-45AF-B754-A1263397D276}.Release|Any CPU.Build.0 = Release|Any CPU
	EndGlobalSection
	GlobalSection(SolutionProperties) = preSolution
		HideSolutionNode = FALSE
	EndGlobalSection
	GlobalSection(ExtensibilityGlobals) = postSolution
		SolutionGuid = {74EB3DBB-336C-41B4-90BF-3740F6395CE6}
	EndGlobalSection
EndGlobal
